// !$*UTF8*$!
{
	archiveVersion = 1;
	classes = {
	};
	objectVersion = 46;
	objects = {

/* Begin PBXBuildFile section */
		36646E6F1CCB24B60025CE15 /* AppDelegate.swift in Sources */ = {isa = PBXBuildFile; fileRef = 36646E6E1CCB24B60025CE15 /* AppDelegate.swift */; };
		36646E711CCB24B60025CE15 /* Login.swift in Sources */ = {isa = PBXBuildFile; fileRef = 36646E701CCB24B60025CE15 /* Login.swift */; };
		36646E741CCB24B60025CE15 /* Main.storyboard in Resources */ = {isa = PBXBuildFile; fileRef = 36646E721CCB24B60025CE15 /* Main.storyboard */; };
		36646E761CCB24B60025CE15 /* Assets.xcassets in Resources */ = {isa = PBXBuildFile; fileRef = 36646E751CCB24B60025CE15 /* Assets.xcassets */; };
		36646E791CCB24B60025CE15 /* LaunchScreen.storyboard in Resources */ = {isa = PBXBuildFile; fileRef = 36646E771CCB24B60025CE15 /* LaunchScreen.storyboard */; };
		36646E841CCB24B60025CE15 /* c4cTests.swift in Sources */ = {isa = PBXBuildFile; fileRef = 36646E831CCB24B60025CE15 /* c4cTests.swift */; };
		36646E8F1CCB24B60025CE15 /* c4cUITests.swift in Sources */ = {isa = PBXBuildFile; fileRef = 36646E8E1CCB24B60025CE15 /* c4cUITests.swift */; };
		36646E9D1CCB2FD20025CE15 /* VentanaPrincipal.swift in Sources */ = {isa = PBXBuildFile; fileRef = 36646E9C1CCB2FD20025CE15 /* VentanaPrincipal.swift */; };
		36646E9F1CCB416E0025CE15 /* Calculadora.swift in Sources */ = {isa = PBXBuildFile; fileRef = 36646E9E1CCB416E0025CE15 /* Calculadora.swift */; };
		36646EB51CCC08910025CE15 /* login.png in Resources */ = {isa = PBXBuildFile; fileRef = 36646EB41CCC08910025CE15 /* login.png */; };
		36646EBD1CCC28990025CE15 /* Calculator_2-512.png in Resources */ = {isa = PBXBuildFile; fileRef = 36646EBC1CCC28990025CE15 /* Calculator_2-512.png */; };
		36646EC31CCC2B5E0025CE15 /* tecnologia (2).png in Resources */ = {isa = PBXBuildFile; fileRef = 36646EC21CCC2B5E0025CE15 /* tecnologia (2).png */; };
/* End PBXBuildFile section */

/* Begin PBXContainerItemProxy section */
		36646E801CCB24B60025CE15 /* PBXContainerItemProxy */ = {
			isa = PBXContainerItemProxy;
			containerPortal = 36646E631CCB24B50025CE15 /* Project object */;
			proxyType = 1;
			remoteGlobalIDString = 36646E6A1CCB24B50025CE15;
			remoteInfo = c4c;
		};
		36646E8B1CCB24B60025CE15 /* PBXContainerItemProxy */ = {
			isa = PBXContainerItemProxy;
			containerPortal = 36646E631CCB24B50025CE15 /* Project object */;
			proxyType = 1;
			remoteGlobalIDString = 36646E6A1CCB24B50025CE15;
			remoteInfo = c4c;
		};
/* End PBXContainerItemProxy section */

/* Begin PBXFileReference section */
		36646E6B1CCB24B50025CE15 /* c4c.app */ = {isa = PBXFileReference; explicitFileType = wrapper.application; includeInIndex = 0; path = c4c.app; sourceTree = BUILT_PRODUCTS_DIR; };
		36646E6E1CCB24B60025CE15 /* AppDelegate.swift */ = {isa = PBXFileReference; lastKnownFileType = sourcecode.swift; path = AppDelegate.swift; sourceTree = "<group>"; };
		36646E701CCB24B60025CE15 /* Login.swift */ = {isa = PBXFileReference; lastKnownFileType = sourcecode.swift; path = Login.swift; sourceTree = "<group>"; };
		36646E731CCB24B60025CE15 /* Base */ = {isa = PBXFileReference; lastKnownFileType = file.storyboard; name = Base; path = Base.lproj/Main.storyboard; sourceTree = "<group>"; };
		36646E751CCB24B60025CE15 /* Assets.xcassets */ = {isa = PBXFileReference; lastKnownFileType = folder.assetcatalog; path = Assets.xcassets; sourceTree = "<group>"; };
		36646E781CCB24B60025CE15 /* Base */ = {isa = PBXFileReference; lastKnownFileType = file.storyboard; name = Base; path = Base.lproj/LaunchScreen.storyboard; sourceTree = "<group>"; };
		36646E7A1CCB24B60025CE15 /* Info.plist */ = {isa = PBXFileReference; lastKnownFileType = text.plist.xml; path = Info.plist; sourceTree = "<group>"; };
		36646E7F1CCB24B60025CE15 /* c4cTests.xctest */ = {isa = PBXFileReference; explicitFileType = wrapper.cfbundle; includeInIndex = 0; path = c4cTests.xctest; sourceTree = BUILT_PRODUCTS_DIR; };
		36646E831CCB24B60025CE15 /* c4cTests.swift */ = {isa = PBXFileReference; lastKnownFileType = sourcecode.swift; path = c4cTests.swift; sourceTree = "<group>"; };
		36646E851CCB24B60025CE15 /* Info.plist */ = {isa = PBXFileReference; lastKnownFileType = text.plist.xml; path = Info.plist; sourceTree = "<group>"; };
		36646E8A1CCB24B60025CE15 /* c4cUITests.xctest */ = {isa = PBXFileReference; explicitFileType = wrapper.cfbundle; includeInIndex = 0; path = c4cUITests.xctest; sourceTree = BUILT_PRODUCTS_DIR; };
		36646E8E1CCB24B60025CE15 /* c4cUITests.swift */ = {isa = PBXFileReference; lastKnownFileType = sourcecode.swift; path = c4cUITests.swift; sourceTree = "<group>"; };
		36646E901CCB24B60025CE15 /* Info.plist */ = {isa = PBXFileReference; lastKnownFileType = text.plist.xml; path = Info.plist; sourceTree = "<group>"; };
		36646E9C1CCB2FD20025CE15 /* VentanaPrincipal.swift */ = {isa = PBXFileReference; fileEncoding = 4; lastKnownFileType = sourcecode.swift; path = VentanaPrincipal.swift; sourceTree = "<group>"; };
		36646E9E1CCB416E0025CE15 /* Calculadora.swift */ = {isa = PBXFileReference; fileEncoding = 4; lastKnownFileType = sourcecode.swift; path = Calculadora.swift; sourceTree = "<group>"; };
		36646EB41CCC08910025CE15 /* login.png */ = {isa = PBXFileReference; lastKnownFileType = image.png; path = login.png; sourceTree = "<group>"; };
		36646EBC1CCC28990025CE15 /* Calculator_2-512.png */ = {isa = PBXFileReference; lastKnownFileType = image.png; path = "Calculator_2-512.png"; sourceTree = "<group>"; };
		36646EC21CCC2B5E0025CE15 /* tecnologia (2).png */ = {isa = PBXFileReference; lastKnownFileType = image.png; path = "tecnologia (2).png"; sourceTree = "<group>"; };
/* End PBXFileReference section */

/* Begin PBXFrameworksBuildPhase section */
		36646E681CCB24B50025CE15 /* Frameworks */ = {
			isa = PBXFrameworksBuildPhase;
			buildActionMask = 2147483647;
			files = (
			);
			runOnlyForDeploymentPostprocessing = 0;
		};
		36646E7C1CCB24B60025CE15 /* Frameworks */ = {
			isa = PBXFrameworksBuildPhase;
			buildActionMask = 2147483647;
			files = (
			);
			runOnlyForDeploymentPostprocessing = 0;
		};
		36646E871CCB24B60025CE15 /* Frameworks */ = {
			isa = PBXFrameworksBuildPhase;
			buildActionMask = 2147483647;
			files = (
			);
			runOnlyForDeploymentPostprocessing = 0;
		};
/* End PBXFrameworksBuildPhase section */

/* Begin PBXGroup section */
		36646E621CCB24B50025CE15 = {
			isa = PBXGroup;
			children = (
				36646E6D1CCB24B60025CE15 /* c4c */,
				36646E821CCB24B60025CE15 /* c4cTests */,
				36646E8D1CCB24B60025CE15 /* c4cUITests */,
				36646E6C1CCB24B50025CE15 /* Products */,
			);
			sourceTree = "<group>";
		};
		36646E6C1CCB24B50025CE15 /* Products */ = {
			isa = PBXGroup;
			children = (
				36646E6B1CCB24B50025CE15 /* c4c.app */,
				36646E7F1CCB24B60025CE15 /* c4cTests.xctest */,
				36646E8A1CCB24B60025CE15 /* c4cUITests.xctest */,
			);
			name = Products;
			sourceTree = "<group>";
		};
		36646E6D1CCB24B60025CE15 /* c4c */ = {
			isa = PBXGroup;
			children = (
				36646EC61CCC321E0025CE15 /* Images */,
				36646E6E1CCB24B60025CE15 /* AppDelegate.swift */,
				36646E701CCB24B60025CE15 /* Login.swift */,
				36646E9C1CCB2FD20025CE15 /* VentanaPrincipal.swift */,
				36646E9E1CCB416E0025CE15 /* Calculadora.swift */,
				36646E721CCB24B60025CE15 /* Main.storyboard */,
				36646E751CCB24B60025CE15 /* Assets.xcassets */,
				36646E771CCB24B60025CE15 /* LaunchScreen.storyboard */,
				36646E7A1CCB24B60025CE15 /* Info.plist */,
			);
			path = c4c;
			sourceTree = "<group>";
		};
		36646E821CCB24B60025CE15 /* c4cTests */ = {
			isa = PBXGroup;
			children = (
				36646E831CCB24B60025CE15 /* c4cTests.swift */,
				36646E851CCB24B60025CE15 /* Info.plist */,
			);
			path = c4cTests;
			sourceTree = "<group>";
		};
		36646E8D1CCB24B60025CE15 /* c4cUITests */ = {
			isa = PBXGroup;
			children = (
				36646E8E1CCB24B60025CE15 /* c4cUITests.swift */,
				36646E901CCB24B60025CE15 /* Info.plist */,
			);
			path = c4cUITests;
			sourceTree = "<group>";
		};
		36646EC61CCC321E0025CE15 /* Images */ = {
			isa = PBXGroup;
			children = (
				36646EC21CCC2B5E0025CE15 /* tecnologia (2).png */,
				36646EBC1CCC28990025CE15 /* Calculator_2-512.png */,
				36646EB41CCC08910025CE15 /* login.png */,
			);
			name = Images;
			sourceTree = "<group>";
		};
/* End PBXGroup section */

/* Begin PBXNativeTarget section */
		36646E6A1CCB24B50025CE15 /* c4c */ = {
			isa = PBXNativeTarget;
			buildConfigurationList = 36646E931CCB24B60025CE15 /* Build configuration list for PBXNativeTarget "c4c" */;
			buildPhases = (
				36646E671CCB24B50025CE15 /* Sources */,
				36646E681CCB24B50025CE15 /* Frameworks */,
				36646E691CCB24B50025CE15 /* Resources */,
			);
			buildRules = (
			);
			dependencies = (
			);
			name = c4c;
			productName = c4c;
			productReference = 36646E6B1CCB24B50025CE15 /* c4c.app */;
			productType = "com.apple.product-type.application";
		};
		36646E7E1CCB24B60025CE15 /* c4cTests */ = {
			isa = PBXNativeTarget;
			buildConfigurationList = 36646E961CCB24B60025CE15 /* Build configuration list for PBXNativeTarget "c4cTests" */;
			buildPhases = (
				36646E7B1CCB24B60025CE15 /* Sources */,
				36646E7C1CCB24B60025CE15 /* Frameworks */,
				36646E7D1CCB24B60025CE15 /* Resources */,
			);
			buildRules = (
			);
			dependencies = (
				36646E811CCB24B60025CE15 /* PBXTargetDependency */,
			);
			name = c4cTests;
			productName = c4cTests;
			productReference = 36646E7F1CCB24B60025CE15 /* c4cTests.xctest */;
			productType = "com.apple.product-type.bundle.unit-test";
		};
		36646E891CCB24B60025CE15 /* c4cUITests */ = {
			isa = PBXNativeTarget;
			buildConfigurationList = 36646E991CCB24B60025CE15 /* Build configuration list for PBXNativeTarget "c4cUITests" */;
			buildPhases = (
				36646E861CCB24B60025CE15 /* Sources */,
				36646E871CCB24B60025CE15 /* Frameworks */,
				36646E881CCB24B60025CE15 /* Resources */,
			);
			buildRules = (
			);
			dependencies = (
				36646E8C1CCB24B60025CE15 /* PBXTargetDependency */,
			);
			name = c4cUITests;
			productName = c4cUITests;
			productReference = 36646E8A1CCB24B60025CE15 /* c4cUITests.xctest */;
			productType = "com.apple.product-type.bundle.ui-testing";
		};
/* End PBXNativeTarget section */

/* Begin PBXProject section */
		36646E631CCB24B50025CE15 /* Project object */ = {
			isa = PBXProject;
			attributes = {
				LastSwiftUpdateCheck = 0730;
				LastUpgradeCheck = 0730;
				ORGANIZATIONNAME = "Alejandro Santoyo";
				TargetAttributes = {
					36646E6A1CCB24B50025CE15 = {
						CreatedOnToolsVersion = 7.3;
						DevelopmentTeam = T9EL6J2ZFJ;
					};
					36646E7E1CCB24B60025CE15 = {
						CreatedOnToolsVersion = 7.3;
						DevelopmentTeam = T9EL6J2ZFJ;
						TestTargetID = 36646E6A1CCB24B50025CE15;
					};
					36646E891CCB24B60025CE15 = {
						CreatedOnToolsVersion = 7.3;
						DevelopmentTeam = T9EL6J2ZFJ;
						TestTargetID = 36646E6A1CCB24B50025CE15;
					};
				};
			};
			buildConfigurationList = 36646E661CCB24B50025CE15 /* Build configuration list for PBXProject "c4c" */;
			compatibilityVersion = "Xcode 3.2";
			developmentRegion = English;
			hasScannedForEncodings = 0;
			knownRegions = (
				en,
				Base,
			);
			mainGroup = 36646E621CCB24B50025CE15;
			productRefGroup = 36646E6C1CCB24B50025CE15 /* Products */;
			projectDirPath = "";
			projectRoot = "";
			targets = (
				36646E6A1CCB24B50025CE15 /* c4c */,
				36646E7E1CCB24B60025CE15 /* c4cTests */,
				36646E891CCB24B60025CE15 /* c4cUITests */,
			);
		};
/* End PBXProject section */

/* Begin PBXResourcesBuildPhase section */
		36646E691CCB24B50025CE15 /* Resources */ = {
			isa = PBXResourcesBuildPhase;
			buildActionMask = 2147483647;
			files = (
				36646E791CCB24B60025CE15 /* LaunchScreen.storyboard in Resources */,
				36646EB51CCC08910025CE15 /* login.png in Resources */,
				36646E761CCB24B60025CE15 /* Assets.xcassets in Resources */,
				36646E741CCB24B60025CE15 /* Main.storyboard in Resources */,
				36646EC31CCC2B5E0025CE15 /* tecnologia (2).png in Resources */,
				36646EBD1CCC28990025CE15 /* Calculator_2-512.png in Resources */,
			);
			runOnlyForDeploymentPostprocessing = 0;
		};
		36646E7D1CCB24B60025CE15 /* Resources */ = {
			isa = PBXResourcesBuildPhase;
			buildActionMask = 2147483647;
			files = (
			);
			runOnlyForDeploymentPostprocessing = 0;
		};
		36646E881CCB24B60025CE15 /* Resources */ = {
			isa = PBXResourcesBuildPhase;
			buildActionMask = 2147483647;
			files = (
			);
			runOnlyForDeploymentPostprocessing = 0;
		};
/* End PBXResourcesBuildPhase section */

/* Begin PBXSourcesBuildPhase section */
		36646E671CCB24B50025CE15 /* Sources */ = {
			isa = PBXSourcesBuildPhase;
			buildActionMask = 2147483647;
			files = (
				36646E711CCB24B60025CE15 /* Login.swift in Sources */,
				36646E6F1CCB24B60025CE15 /* AppDelegate.swift in Sources */,
				36646E9D1CCB2FD20025CE15 /* VentanaPrincipal.swift in Sources */,
				36646E9F1CCB416E0025CE15 /* Calculadora.swift in Sources */,
			);
			runOnlyForDeploymentPostprocessing = 0;
		};
		36646E7B1CCB24B60025CE15 /* Sources */ = {
			isa = PBXSourcesBuildPhase;
			buildActionMask = 2147483647;
			files = (
				36646E841CCB24B60025CE15 /* c4cTests.swift in Sources */,
			);
			runOnlyForDeploymentPostprocessing = 0;
		};
		36646E861CCB24B60025CE15 /* Sources */ = {
			isa = PBXSourcesBuildPhase;
			buildActionMask = 2147483647;
			files = (
				36646E8F1CCB24B60025CE15 /* c4cUITests.swift in Sources */,
			);
			runOnlyForDeploymentPostprocessing = 0;
		};
/* End PBXSourcesBuildPhase section */

/* Begin PBXTargetDependency section */
		36646E811CCB24B60025CE15 /* PBXTargetDependency */ = {
			isa = PBXTargetDependency;
			target = 36646E6A1CCB24B50025CE15 /* c4c */;
			targetProxy = 36646E801CCB24B60025CE15 /* PBXContainerItemProxy */;
		};
		36646E8C1CCB24B60025CE15 /* PBXTargetDependency */ = {
			isa = PBXTargetDependency;
			target = 36646E6A1CCB24B50025CE15 /* c4c */;
			targetProxy = 36646E8B1CCB24B60025CE15 /* PBXContainerItemProxy */;
		};
/* End PBXTargetDependency section */

/* Begin PBXVariantGroup section */
		36646E721CCB24B60025CE15 /* Main.storyboard */ = {
			isa = PBXVariantGroup;
			children = (
				36646E731CCB24B60025CE15 /* Base */,
			);
			name = Main.storyboard;
			sourceTree = "<group>";
		};
		36646E771CCB24B60025CE15 /* LaunchScreen.storyboard */ = {
			isa = PBXVariantGroup;
			children = (
				36646E781CCB24B60025CE15 /* Base */,
			);
			name = LaunchScreen.storyboard;
			sourceTree = "<group>";
		};
/* End PBXVariantGroup section */

/* Begin XCBuildConfiguration section */
		36646E911CCB24B60025CE15 /* Debug */ = {
			isa = XCBuildConfiguration;
			buildSettings = {
				ALWAYS_SEARCH_USER_PATHS = NO;
				CLANG_ANALYZER_NONNULL = YES;
				CLANG_CXX_LANGUAGE_STANDARD = "gnu++0x";
				CLANG_CXX_LIBRARY = "libc++";
				CLANG_ENABLE_MODULES = YES;
				CLANG_ENABLE_OBJC_ARC = YES;
				CLANG_WARN_BOOL_CONVERSION = YES;
				CLANG_WARN_CONSTANT_CONVERSION = YES;
				CLANG_WARN_DIRECT_OBJC_ISA_USAGE = YES_ERROR;
				CLANG_WARN_EMPTY_BODY = YES;
				CLANG_WARN_ENUM_CONVERSION = YES;
				CLANG_WARN_INT_CONVERSION = YES;
				CLANG_WARN_OBJC_ROOT_CLASS = YES_ERROR;
				CLANG_WARN_UNREACHABLE_CODE = YES;
				CLANG_WARN__DUPLICATE_METHOD_MATCH = YES;
				"CODE_SIGN_IDENTITY[sdk=iphoneos*]" = "iPhone Developer";
				COPY_PHASE_STRIP = NO;
				DEBUG_INFORMATION_FORMAT = dwarf;
				ENABLE_STRICT_OBJC_MSGSEND = YES;
				ENABLE_TESTABILITY = YES;
				GCC_C_LANGUAGE_STANDARD = gnu99;
				GCC_DYNAMIC_NO_PIC = NO;
				GCC_NO_COMMON_BLOCKS = YES;
				GCC_OPTIMIZATION_LEVEL = 0;
				GCC_PREPROCESSOR_DEFINITIONS = (
					"DEBUG=1",
					"$(inherited)",
				);
				GCC_WARN_64_TO_32_BIT_CONVERSION = YES;
				GCC_WARN_ABOUT_RETURN_TYPE = YES_ERROR;
				GCC_WARN_UNDECLARED_SELECTOR = YES;
				GCC_WARN_UNINITIALIZED_AUTOS = YES_AGGRESSIVE;
				GCC_WARN_UNUSED_FUNCTION = YES;
				GCC_WARN_UNUSED_VARIABLE = YES;
				IPHONEOS_DEPLOYMENT_TARGET = 9.3;
				MTL_ENABLE_DEBUG_INFO = YES;
				ONLY_ACTIVE_ARCH = YES;
				SDKROOT = iphoneos;
				SWIFT_OPTIMIZATION_LEVEL = "-Onone";
			};
			name = Debug;
		};
		36646E921CCB24B60025CE15 /* Release */ = {
			isa = XCBuildConfiguration;
			buildSettings = {
				ALWAYS_SEARCH_USER_PATHS = NO;
				CLANG_ANALYZER_NONNULL = YES;
				CLANG_CXX_LANGUAGE_STANDARD = "gnu++0x";
				CLANG_CXX_LIBRARY = "libc++";
				CLANG_ENABLE_MODULES = YES;
				CLANG_ENABLE_OBJC_ARC = YES;
				CLANG_WARN_BOOL_CONVERSION = YES;
				CLANG_WARN_CONSTANT_CONVERSION = YES;
				CLANG_WARN_DIRECT_OBJC_ISA_USAGE = YES_ERROR;
				CLANG_WARN_EMPTY_BODY = YES;
				CLANG_WARN_ENUM_CONVERSION = YES;
				CLANG_WARN_INT_CONVERSION = YES;
				CLANG_WARN_OBJC_ROOT_CLASS = YES_ERROR;
				CLANG_WARN_UNREACHABLE_CODE = YES;
				CLANG_WARN__DUPLICATE_METHOD_MATCH = YES;
				"CODE_SIGN_IDENTITY[sdk=iphoneos*]" = "iPhone Developer";
				COPY_PHASE_STRIP = NO;
				DEBUG_INFORMATION_FORMAT = "dwarf-with-dsym";
				ENABLE_NS_ASSERTIONS = NO;
				ENABLE_STRICT_OBJC_MSGSEND = YES;
				GCC_C_LANGUAGE_STANDARD = gnu99;
				GCC_NO_COMMON_BLOCKS = YES;
				GCC_WARN_64_TO_32_BIT_CONVERSION = YES;
				GCC_WARN_ABOUT_RETURN_TYPE = YES_ERROR;
				GCC_WARN_UNDECLARED_SELECTOR = YES;
				GCC_WARN_UNINITIALIZED_AUTOS = YES_AGGRESSIVE;
				GCC_WARN_UNUSED_FUNCTION = YES;
				GCC_WARN_UNUSED_VARIABLE = YES;
				IPHONEOS_DEPLOYMENT_TARGET = 9.3;
				MTL_ENABLE_DEBUG_INFO = NO;
				SDKROOT = iphoneos;
				VALIDATE_PRODUCT = YES;
			};
			name = Release;
		};
		36646E941CCB24B60025CE15 /* Debug */ = {
			isa = XCBuildConfiguration;
			buildSettings = {
				ASSETCATALOG_COMPILER_APPICON_NAME = AppIcon;
				INFOPLIST_FILE = c4c/Info.plist;
				IPHONEOS_DEPLOYMENT_TARGET = 9.0;
				LD_RUNPATH_SEARCH_PATHS = "$(inherited) @executable_path/Frameworks";
				PRODUCT_BUNDLE_IDENTIFIER = santoy.c4c;
				PRODUCT_NAME = "$(TARGET_NAME)";
			};
			name = Debug;
		};
		36646E951CCB24B60025CE15 /* Release */ = {
			isa = XCBuildConfiguration;
			buildSettings = {
				ASSETCATALOG_COMPILER_APPICON_NAME = AppIcon;
				INFOPLIST_FILE = c4c/Info.plist;
				IPHONEOS_DEPLOYMENT_TARGET = 9.0;
				LD_RUNPATH_SEARCH_PATHS = "$(inherited) @executable_path/Frameworks";
				PRODUCT_BUNDLE_IDENTIFIER = santoy.c4c;
				PRODUCT_NAME = "$(TARGET_NAME)";
			};
			name = Release;
		};
		36646E971CCB24B60025CE15 /* Debug */ = {
			isa = XCBuildConfiguration;
			buildSettings = {
				BUNDLE_LOADER = "$(TEST_HOST)";
				INFOPLIST_FILE = c4cTests/Info.plist;
				LD_RUNPATH_SEARCH_PATHS = "$(inherited) @executable_path/Frameworks @loader_path/Frameworks";
				PRODUCT_BUNDLE_IDENTIFIER = santoy.c4cTests;
				PRODUCT_NAME = "$(TARGET_NAME)";
				TEST_HOST = "$(BUILT_PRODUCTS_DIR)/c4c.app/c4c";
			};
			name = Debug;
		};
		36646E981CCB24B60025CE15 /* Release */ = {
			isa = XCBuildConfiguration;
			buildSettings = {
				BUNDLE_LOADER = "$(TEST_HOST)";
				INFOPLIST_FILE = c4cTests/Info.plist;
				LD_RUNPATH_SEARCH_PATHS = "$(inherited) @executable_path/Frameworks @loader_path/Frameworks";
				PRODUCT_BUNDLE_IDENTIFIER = santoy.c4cTests;
				PRODUCT_NAME = "$(TARGET_NAME)";
				TEST_HOST = "$(BUILT_PRODUCTS_DIR)/c4c.app/c4c";
			};
			name = Release;
		};
		36646E9A1CCB24B60025CE15 /* Debug */ = {
			isa = XCBuildConfiguration;
			buildSettings = {
				INFOPLIST_FILE = c4cUITests/Info.plist;
				LD_RUNPATH_SEARCH_PATHS = "$(inherited) @executable_path/Frameworks @loader_path/Frameworks";
				PRODUCT_BUNDLE_IDENTIFIER = santoy.c4cUITests;
				PRODUCT_NAME = "$(TARGET_NAME)";
				TEST_TARGET_NAME = c4c;
			};
			name = Debug;
		};
		36646E9B1CCB24B60025CE15 /* Release */ = {
			isa = XCBuildConfiguration;
			buildSettings = {
				INFOPLIST_FILE = c4cUITests/Info.plist;
				LD_RUNPATH_SEARCH_PATHS = "$(inherited) @executable_path/Frameworks @loader_path/Frameworks";
				PRODUCT_BUNDLE_IDENTIFIER = santoy.c4cUITests;
				PRODUCT_NAME = "$(TARGET_NAME)";
				TEST_TARGET_NAME = c4c;
			};
			name = Release;
		};
/* End XCBuildConfiguration section */

/* Begin XCConfigurationList section */
		36646E661CCB24B50025CE15 /* Build configuration list for PBXProject "c4c" */ = {
			isa = XCConfigurationList;
			buildConfigurations = (
				36646E911CCB24B60025CE15 /* Debug */,
				36646E921CCB24B60025CE15 /* Release */,
			);
			defaultConfigurationIsVisible = 0;
			defaultConfigurationName = Release;
		};
		36646E931CCB24B60025CE15 /* Build configuration list for PBXNativeTarget "c4c" */ = {
			isa = XCConfigurationList;
			buildConfigurations = (
				36646E941CCB24B60025CE15 /* Debug */,
				36646E951CCB24B60025CE15 /* Release */,
			);
			defaultConfigurationIsVisible = 0;
			defaultConfigurationName = Release;
		};
		36646E961CCB24B60025CE15 /* Build configuration list for PBXNativeTarget "c4cTests" */ = {
			isa = XCConfigurationList;
			buildConfigurations = (
				36646E971CCB24B60025CE15 /* Debug */,
				36646E981CCB24B60025CE15 /* Release */,
			);
			defaultConfigurationIsVisible = 0;
			defaultConfigurationName = Release;
		};
		36646E991CCB24B60025CE15 /* Build configuration list for PBXNativeTarget "c4cUITests" */ = {
			isa = XCConfigurationList;
			buildConfigurations = (
				36646E9A1CCB24B60025CE15 /* Debug */,
				36646E9B1CCB24B60025CE15 /* Release */,
			);
			defaultConfigurationIsVisible = 0;
			defaultConfigurationName = Release;
		};
/* End XCConfigurationList section */
	};
	rootObject = 36646E631CCB24B50025CE15 /* Project object */;
}
